// !$*UTF8*$!
{
	archiveVersion = 1;
	classes = {
	};
	objectVersion = 56;
	objects = {

/* Begin PBXBuildFile section */
		39551DF02BD4FA8B007206F9 /* MTHotKey.swift in Sources */ = {isa = PBXBuildFile; fileRef = 39551DEF2BD4FA8B007206F9 /* MTHotKey.swift */; };
		39551DF32BD500EA007206F9 /* MTHotKeyCenter.swift in Sources */ = {isa = PBXBuildFile; fileRef = 39551DF22BD500EA007206F9 /* MTHotKeyCenter.swift */; };
		39551DF72BD51CFC007206F9 /* Extension.swift in Sources */ = {isa = PBXBuildFile; fileRef = 39551DF62BD51CFC007206F9 /* Extension.swift */; };
		39551DFC2BD522B1007206F9 /* AViewController.swift in Sources */ = {isa = PBXBuildFile; fileRef = 39551DFB2BD522B1007206F9 /* AViewController.swift */; };
		39551DFE2BD52340007206F9 /* BViewController.swift in Sources */ = {isa = PBXBuildFile; fileRef = 39551DFD2BD52340007206F9 /* BViewController.swift */; };
		396668DC2BD201A2007F8668 /* AppDelegate.swift in Sources */ = {isa = PBXBuildFile; fileRef = 396668DB2BD201A2007F8668 /* AppDelegate.swift */; };
		396668E02BD201A3007F8668 /* Assets.xcassets in Resources */ = {isa = PBXBuildFile; fileRef = 396668DF2BD201A3007F8668 /* Assets.xcassets */; };
		396668E32BD201A3007F8668 /* Main.storyboard in Resources */ = {isa = PBXBuildFile; fileRef = 396668E12BD201A3007F8668 /* Main.storyboard */; };
		396668EE2BD204FF007F8668 /* MTHotKeyControlProtocol.swift in Sources */ = {isa = PBXBuildFile; fileRef = 396668ED2BD204FF007F8668 /* MTHotKeyControlProtocol.swift */; };
		396668F02BD207B3007F8668 /* MTViewController.swift in Sources */ = {isa = PBXBuildFile; fileRef = 396668EF2BD207B3007F8668 /* MTViewController.swift */; };
/* End PBXBuildFile section */

/* Begin PBXFileReference section */
		39551DEF2BD4FA8B007206F9 /* MTHotKey.swift */ = {isa = PBXFileReference; lastKnownFileType = sourcecode.swift; path = MTHotKey.swift; sourceTree = "<group>"; };
		39551DF22BD500EA007206F9 /* MTHotKeyCenter.swift */ = {isa = PBXFileReference; lastKnownFileType = sourcecode.swift; path = MTHotKeyCenter.swift; sourceTree = "<group>"; };
		39551DF62BD51CFC007206F9 /* Extension.swift */ = {isa = PBXFileReference; lastKnownFileType = sourcecode.swift; path = Extension.swift; sourceTree = "<group>"; };
		39551DFB2BD522B1007206F9 /* AViewController.swift */ = {isa = PBXFileReference; lastKnownFileType = sourcecode.swift; path = AViewController.swift; sourceTree = "<group>"; };
		39551DFD2BD52340007206F9 /* BViewController.swift */ = {isa = PBXFileReference; lastKnownFileType = sourcecode.swift; path = BViewController.swift; sourceTree = "<group>"; };
		396668D82BD201A2007F8668 /* MacToolKit.app */ = {isa = PBXFileReference; explicitFileType = wrapper.application; includeInIndex = 0; path = MacToolKit.app; sourceTree = BUILT_PRODUCTS_DIR; };
		396668DB2BD201A2007F8668 /* AppDelegate.swift */ = {isa = PBXFileReference; lastKnownFileType = sourcecode.swift; path = AppDelegate.swift; sourceTree = "<group>"; };
		396668DF2BD201A3007F8668 /* Assets.xcassets */ = {isa = PBXFileReference; lastKnownFileType = folder.assetcatalog; path = Assets.xcassets; sourceTree = "<group>"; };
		396668E22BD201A3007F8668 /* Base */ = {isa = PBXFileReference; lastKnownFileType = file.storyboard; name = Base; path = Base.lproj/Main.storyboard; sourceTree = "<group>"; };
		396668E42BD201A3007F8668 /* MacToolKit.entitlements */ = {isa = PBXFileReference; lastKnownFileType = text.plist.entitlements; path = MacToolKit.entitlements; sourceTree = "<group>"; };
		396668ED2BD204FF007F8668 /* MTHotKeyControlProtocol.swift */ = {isa = PBXFileReference; lastKnownFileType = sourcecode.swift; path = MTHotKeyControlProtocol.swift; sourceTree = "<group>"; };
		396668EF2BD207B3007F8668 /* MTViewController.swift */ = {isa = PBXFileReference; lastKnownFileType = sourcecode.swift; path = MTViewController.swift; sourceTree = "<group>"; };
		396668F52BD2DD5E007F8668 /* Info.plist */ = {isa = PBXFileReference; lastKnownFileType = text.plist; path = Info.plist; sourceTree = "<group>"; };
/* End PBXFileReference section */

/* Begin PBXFrameworksBuildPhase section */
		396668D52BD201A2007F8668 /* Frameworks */ = {
			isa = PBXFrameworksBuildPhase;
			buildActionMask = 2147483647;
			files = (
			);
			runOnlyForDeploymentPostprocessing = 0;
		};
/* End PBXFrameworksBuildPhase section */

/* Begin PBXGroup section */
		39551DF12BD500CE007206F9 /* Manager */ = {
			isa = PBXGroup;
			children = (
				39551DEF2BD4FA8B007206F9 /* MTHotKey.swift */,
				39551DF22BD500EA007206F9 /* MTHotKeyCenter.swift */,
			);
			path = Manager;
			sourceTree = "<group>";
		};
		39551DFA2BD51E95007206F9 /* MTHotKeyControl */ = {
			isa = PBXGroup;
			children = (
				396668ED2BD204FF007F8668 /* MTHotKeyControlProtocol.swift */,
				396668EF2BD207B3007F8668 /* MTViewController.swift */,
			);
			path = MTHotKeyControl;
			sourceTree = "<group>";
		};
		396668CF2BD201A2007F8668 = {
			isa = PBXGroup;
			children = (
				396668DA2BD201A2007F8668 /* MacToolKit */,
				396668D92BD201A2007F8668 /* Products */,
			);
			sourceTree = "<group>";
		};
		396668D92BD201A2007F8668 /* Products */ = {
			isa = PBXGroup;
			children = (
				396668D82BD201A2007F8668 /* MacToolKit.app */,
			);
			name = Products;
			sourceTree = "<group>";
		};
		396668DA2BD201A2007F8668 /* MacToolKit */ = {
			isa = PBXGroup;
			children = (
				39551DFA2BD51E95007206F9 /* MTHotKeyControl */,
				39551DF12BD500CE007206F9 /* Manager */,
				39551DF62BD51CFC007206F9 /* Extension.swift */,
				396668F52BD2DD5E007F8668 /* Info.plist */,
				396668DB2BD201A2007F8668 /* AppDelegate.swift */,
				396668DF2BD201A3007F8668 /* Assets.xcassets */,
				396668E12BD201A3007F8668 /* Main.storyboard */,
				396668E42BD201A3007F8668 /* MacToolKit.entitlements */,
				39551DFB2BD522B1007206F9 /* AViewController.swift */,
				39551DFD2BD52340007206F9 /* BViewController.swift */,
			);
			path = MacToolKit;
			sourceTree = "<group>";
		};
/* End PBXGroup section */

/* Begin PBXNativeTarget section */
		396668D72BD201A2007F8668 /* MacToolKit */ = {
			isa = PBXNativeTarget;
			buildConfigurationList = 396668E72BD201A3007F8668 /* Build configuration list for PBXNativeTarget "MacToolKit" */;
			buildPhases = (
				396668D42BD201A2007F8668 /* Sources */,
				396668D52BD201A2007F8668 /* Frameworks */,
				396668D62BD201A2007F8668 /* Resources */,
			);
			buildRules = (
			);
			dependencies = (
			);
			name = MacToolKit;
			productName = MacToolKit;
			productReference = 396668D82BD201A2007F8668 /* MacToolKit.app */;
			productType = "com.apple.product-type.application";
		};
/* End PBXNativeTarget section */

/* Begin PBXProject section */
		396668D02BD201A2007F8668 /* Project object */ = {
			isa = PBXProject;
			attributes = {
				BuildIndependentTargetsInParallel = 1;
				LastSwiftUpdateCheck = 1510;
				LastUpgradeCheck = 1510;
				TargetAttributes = {
					396668D72BD201A2007F8668 = {
						CreatedOnToolsVersion = 15.1;
						LastSwiftMigration = 1510;
					};
				};
			};
			buildConfigurationList = 396668D32BD201A2007F8668 /* Build configuration list for PBXProject "MacToolKit" */;
			compatibilityVersion = "Xcode 14.0";
			developmentRegion = en;
			hasScannedForEncodings = 0;
			knownRegions = (
				en,
				Base,
			);
			mainGroup = 396668CF2BD201A2007F8668;
			productRefGroup = 396668D92BD201A2007F8668 /* Products */;
			projectDirPath = "";
			projectRoot = "";
			targets = (
				396668D72BD201A2007F8668 /* MacToolKit */,
			);
		};
/* End PBXProject section */

/* Begin PBXResourcesBuildPhase section */
		396668D62BD201A2007F8668 /* Resources */ = {
			isa = PBXResourcesBuildPhase;
			buildActionMask = 2147483647;
			files = (
				396668E02BD201A3007F8668 /* Assets.xcassets in Resources */,
				396668E32BD201A3007F8668 /* Main.storyboard in Resources */,
			);
			runOnlyForDeploymentPostprocessing = 0;
		};
/* End PBXResourcesBuildPhase section */

/* Begin PBXSourcesBuildPhase section */
		396668D42BD201A2007F8668 /* Sources */ = {
			isa = PBXSourcesBuildPhase;
			buildActionMask = 2147483647;
			files = (
				39551DFC2BD522B1007206F9 /* AViewController.swift in Sources */,
				39551DFE2BD52340007206F9 /* BViewController.swift in Sources */,
				39551DF72BD51CFC007206F9 /* Extension.swift in Sources */,
				396668F02BD207B3007F8668 /* MTViewController.swift in Sources */,
				39551DF02BD4FA8B007206F9 /* MTHotKey.swift in Sources */,
				396668EE2BD204FF007F8668 /* MTHotKeyControlProtocol.swift in Sources */,
				39551DF32BD500EA007206F9 /* MTHotKeyCenter.swift in Sources */,
				396668DC2BD201A2007F8668 /* AppDelegate.swift in Sources */,
			);
			runOnlyForDeploymentPostprocessing = 0;
		};
/* End PBXSourcesBuildPhase section */

/* Begin PBXVariantGroup section */
		396668E12BD201A3007F8668 /* Main.storyboard */ = {
			isa = PBXVariantGroup;
			children = (
				396668E22BD201A3007F8668 /* Base */,
			);
			name = Main.storyboard;
			sourceTree = "<group>";
		};
/* End PBXVariantGroup section */

/* Begin XCBuildConfiguration section */
		396668E52BD201A3007F8668 /* Debug */ = {
			isa = XCBuildConfiguration;
			buildSettings = {
				ALWAYS_SEARCH_USER_PATHS = NO;
				ASSETCATALOG_COMPILER_GENERATE_SWIFT_ASSET_SYMBOL_EXTENSIONS = YES;
				CLANG_ANALYZER_NONNULL = YES;
				CLANG_ANALYZER_NUMBER_OBJECT_CONVERSION = YES_AGGRESSIVE;
				CLANG_CXX_LANGUAGE_STANDARD = "gnu++20";
				CLANG_ENABLE_MODULES = YES;
				CLANG_ENABLE_OBJC_ARC = YES;
				CLANG_ENABLE_OBJC_WEAK = YES;
				CLANG_WARN_BLOCK_CAPTURE_AUTORELEASING = YES;
				CLANG_WARN_BOOL_CONVERSION = YES;
				CLANG_WARN_COMMA = YES;
				CLANG_WARN_CONSTANT_CONVERSION = YES;
				CLANG_WARN_DEPRECATED_OBJC_IMPLEMENTATIONS = YES;
				CLANG_WARN_DIRECT_OBJC_ISA_USAGE = YES_ERROR;
				CLANG_WARN_DOCUMENTATION_COMMENTS = YES;
				CLANG_WARN_EMPTY_BODY = YES;
				CLANG_WARN_ENUM_CONVERSION = YES;
				CLANG_WARN_INFINITE_RECURSION = YES;
				CLANG_WARN_INT_CONVERSION = YES;
				CLANG_WARN_NON_LITERAL_NULL_CONVERSION = YES;
				CLANG_WARN_OBJC_IMPLICIT_RETAIN_SELF = YES;
				CLANG_WARN_OBJC_LITERAL_CONVERSION = YES;
				CLANG_WARN_OBJC_ROOT_CLASS = YES_ERROR;
				CLANG_WARN_QUOTED_INCLUDE_IN_FRAMEWORK_HEADER = YES;
				CLANG_WARN_RANGE_LOOP_ANALYSIS = YES;
				CLANG_WARN_STRICT_PROTOTYPES = YES;
				CLANG_WARN_SUSPICIOUS_MOVE = YES;
				CLANG_WARN_UNGUARDED_AVAILABILITY = YES_AGGRESSIVE;
				CLANG_WARN_UNREACHABLE_CODE = YES;
				CLANG_WARN__DUPLICATE_METHOD_MATCH = YES;
				COPY_PHASE_STRIP = NO;
				DEBUG_INFORMATION_FORMAT = dwarf;
				ENABLE_STRICT_OBJC_MSGSEND = YES;
				ENABLE_TESTABILITY = YES;
				ENABLE_USER_SCRIPT_SANDBOXING = YES;
				GCC_C_LANGUAGE_STANDARD = gnu17;
				GCC_DYNAMIC_NO_PIC = NO;
				GCC_NO_COMMON_BLOCKS = YES;
				GCC_OPTIMIZATION_LEVEL = 0;
				GCC_PREPROCESSOR_DEFINITIONS = (
					"DEBUG=1",
					"$(inherited)",
				);
				GCC_WARN_64_TO_32_BIT_CONVERSION = YES;
				GCC_WARN_ABOUT_RETURN_TYPE = YES_ERROR;
				GCC_WARN_UNDECLARED_SELECTOR = YES;
				GCC_WARN_UNINITIALIZED_AUTOS = YES_AGGRESSIVE;
				GCC_WARN_UNUSED_FUNCTION = YES;
				GCC_WARN_UNUSED_VARIABLE = YES;
				LOCALIZATION_PREFERS_STRING_CATALOGS = YES;
				MACOSX_DEPLOYMENT_TARGET = 14.2;
				MTL_ENABLE_DEBUG_INFO = INCLUDE_SOURCE;
				MTL_FAST_MATH = YES;
				ONLY_ACTIVE_ARCH = YES;
				SDKROOT = macosx;
				SWIFT_ACTIVE_COMPILATION_CONDITIONS = "DEBUG $(inherited)";
				SWIFT_OPTIMIZATION_LEVEL = "-Onone";
			};
			name = Debug;
		};
		396668E62BD201A3007F8668 /* Release */ = {
			isa = XCBuildConfiguration;
			buildSettings = {
				ALWAYS_SEARCH_USER_PATHS = NO;
				ASSETCATALOG_COMPILER_GENERATE_SWIFT_ASSET_SYMBOL_EXTENSIONS = YES;
				CLANG_ANALYZER_NONNULL = YES;
				CLANG_ANALYZER_NUMBER_OBJECT_CONVERSION = YES_AGGRESSIVE;
				CLANG_CXX_LANGUAGE_STANDARD = "gnu++20";
				CLANG_ENABLE_MODULES = YES;
				CLANG_ENABLE_OBJC_ARC = YES;
				CLANG_ENABLE_OBJC_WEAK = YES;
				CLANG_WARN_BLOCK_CAPTURE_AUTORELEASING = YES;
				CLANG_WARN_BOOL_CONVERSION = YES;
				CLANG_WARN_COMMA = YES;
				CLANG_WARN_CONSTANT_CONVERSION = YES;
				CLANG_WARN_DEPRECATED_OBJC_IMPLEMENTATIONS = YES;
				CLANG_WARN_DIRECT_OBJC_ISA_USAGE = YES_ERROR;
				CLANG_WARN_DOCUMENTATION_COMMENTS = YES;
				CLANG_WARN_EMPTY_BODY = YES;
				CLANG_WARN_ENUM_CONVERSION = YES;
				CLANG_WARN_INFINITE_RECURSION = YES;
				CLANG_WARN_INT_CONVERSION = YES;
				CLANG_WARN_NON_LITERAL_NULL_CONVERSION = YES;
				CLANG_WARN_OBJC_IMPLICIT_RETAIN_SELF = YES;
				CLANG_WARN_OBJC_LITERAL_CONVERSION = YES;
				CLANG_WARN_OBJC_ROOT_CLASS = YES_ERROR;
				CLANG_WARN_QUOTED_INCLUDE_IN_FRAMEWORK_HEADER = YES;
				CLANG_WARN_RANGE_LOOP_ANALYSIS = YES;
				CLANG_WARN_STRICT_PROTOTYPES = YES;
				CLANG_WARN_SUSPICIOUS_MOVE = YES;
				CLANG_WARN_UNGUARDED_AVAILABILITY = YES_AGGRESSIVE;
				CLANG_WARN_UNREACHABLE_CODE = YES;
				CLANG_WARN__DUPLICATE_METHOD_MATCH = YES;
				COPY_PHASE_STRIP = NO;
				DEBUG_INFORMATION_FORMAT = "dwarf-with-dsym";
				ENABLE_NS_ASSERTIONS = NO;
				ENABLE_STRICT_OBJC_MSGSEND = YES;
				ENABLE_USER_SCRIPT_SANDBOXING = YES;
				GCC_C_LANGUAGE_STANDARD = gnu17;
				GCC_NO_COMMON_BLOCKS = YES;
				GCC_WARN_64_TO_32_BIT_CONVERSION = YES;
				GCC_WARN_ABOUT_RETURN_TYPE = YES_ERROR;
				GCC_WARN_UNDECLARED_SELECTOR = YES;
				GCC_WARN_UNINITIALIZED_AUTOS = YES_AGGRESSIVE;
				GCC_WARN_UNUSED_FUNCTION = YES;
				GCC_WARN_UNUSED_VARIABLE = YES;
				LOCALIZATION_PREFERS_STRING_CATALOGS = YES;
				MACOSX_DEPLOYMENT_TARGET = 14.2;
				MTL_ENABLE_DEBUG_INFO = NO;
				MTL_FAST_MATH = YES;
				SDKROOT = macosx;
				SWIFT_COMPILATION_MODE = wholemodule;
			};
			name = Release;
		};
		396668E82BD201A3007F8668 /* Debug */ = {
			isa = XCBuildConfiguration;
			buildSettings = {
				ASSETCATALOG_COMPILER_APPICON_NAME = AppIcon;
				ASSETCATALOG_COMPILER_GLOBAL_ACCENT_COLOR_NAME = AccentColor;
				CLANG_ENABLE_MODULES = YES;
				CODE_SIGN_ENTITLEMENTS = MacToolKit/MacToolKit.entitlements;
				CODE_SIGN_STYLE = Automatic;
				COMBINE_HIDPI_IMAGES = YES;
				CURRENT_PROJECT_VERSION = 1;
				DEVELOPMENT_TEAM = C6TTF7VT5L;
				ENABLE_HARDENED_RUNTIME = YES;
				GENERATE_INFOPLIST_FILE = YES;
				INFOPLIST_FILE = MacToolKit/Info.plist;
				INFOPLIST_KEY_NSHumanReadableCopyright = "";
				INFOPLIST_KEY_NSMainStoryboardFile = Main;
				INFOPLIST_KEY_NSPrincipalClass = NSApplication;
				LD_RUNPATH_SEARCH_PATHS = (
					"$(inherited)",
					"@executable_path/../Frameworks",
				);
				MARKETING_VERSION = 1.0;
				PRODUCT_BUNDLE_IDENTIFIER = com.HowardExplore.MacToolKit;
				PRODUCT_NAME = "$(TARGET_NAME)";
				SWIFT_EMIT_LOC_STRINGS = YES;
				SWIFT_OBJC_BRIDGING_HEADER = "";
				SWIFT_OPTIMIZATION_LEVEL = "-Onone";
				SWIFT_VERSION = 5.0;
			};
			name = Debug;
		};
		396668E92BD201A3007F8668 /* Release */ = {
			isa = XCBuildConfiguration;
			buildSettings = {
				ASSETCATALOG_COMPILER_APPICON_NAME = AppIcon;
				ASSETCATALOG_COMPILER_GLOBAL_ACCENT_COLOR_NAME = AccentColor;
				CLANG_ENABLE_MODULES = YES;
				CODE_SIGN_ENTITLEMENTS = MacToolKit/MacToolKit.entitlements;
				CODE_SIGN_STYLE = Automatic;
				COMBINE_HIDPI_IMAGES = YES;
				CURRENT_PROJECT_VERSION = 1;
				DEVELOPMENT_TEAM = C6TTF7VT5L;
				ENABLE_HARDENED_RUNTIME = YES;
				GENERATE_INFOPLIST_FILE = YES;
				INFOPLIST_FILE = MacToolKit/Info.plist;
				INFOPLIST_KEY_NSHumanReadableCopyright = "";
				INFOPLIST_KEY_NSMainStoryboardFile = Main;
				INFOPLIST_KEY_NSPrincipalClass = NSApplication;
				LD_RUNPATH_SEARCH_PATHS = (
					"$(inherited)",
					"@executable_path/../Frameworks",
				);
				MARKETING_VERSION = 1.0;
				PRODUCT_BUNDLE_IDENTIFIER = com.HowardExplore.MacToolKit;
				PRODUCT_NAME = "$(TARGET_NAME)";
				SWIFT_EMIT_LOC_STRINGS = YES;
				SWIFT_OBJC_BRIDGING_HEADER = "";
				SWIFT_VERSION = 5.0;
			};
			name = Release;
		};
/* End XCBuildConfiguration section */

/* Begin XCConfigurationList section */
		396668D32BD201A2007F8668 /* Build configuration list for PBXProject "MacToolKit" */ = {
			isa = XCConfigurationList;
			buildConfigurations = (
				396668E52BD201A3007F8668 /* Debug */,
				396668E62BD201A3007F8668 /* Release */,
			);
			defaultConfigurationIsVisible = 0;
			defaultConfigurationName = Release;
		};
		396668E72BD201A3007F8668 /* Build configuration list for PBXNativeTarget "MacToolKit" */ = {
			isa = XCConfigurationList;
			buildConfigurations = (
				396668E82BD201A3007F8668 /* Debug */,
				396668E92BD201A3007F8668 /* Release */,
			);
			defaultConfigurationIsVisible = 0;
			defaultConfigurationName = Release;
		};
/* End XCConfigurationList section */
	};
	rootObject = 396668D02BD201A2007F8668 /* Project object */;
}
